
Microsoft Visual Studio Solution File, Format Version 12.00
# Visual Studio 2012
Project("{FAE04EC0-301F-11D3-BF4B-00C04F79EFBC}") = "Hello", "Hello\Hello.csproj", "{623A8F86-15C6-4294-93A2-013A2AC947AF}"
EndProject
Global
	GlobalSection(SolutionConfigurationPlatforms) = preSolution
		Debug|x86 = Debug|x86
		Release|x86 = Release|x86
	EndGlobalSection
	GlobalSection(ProjectConfigurationPlatforms) = postSolution
		{623A8F86-15C6-4294-93A2-013A2AC947AF}.Debug|x86.ActiveCfg = Debug|x86
		{623A8F86-15C6-4294-93A2-013A2AC947AF}.Debug|x86.Build.0 = Debug|x86
		{623A8F86-15C6-4294-93A2-013A2AC947AF}.Release|x86.ActiveCfg = Release|x86
		{623A8F86-15C6-4294-93A2-013A2AC947AF}.Release|x86.Build.0 = Release|x86
	EndGlobalSection
EndGlobal
